// !$*UTF8*$!
{
	archiveVersion = 1;
	classes = {
	};
	objectVersion = 50;
	objects = {

/* Begin PBXBuildFile section */
		1F49EEAD11AFD94D0B0C8455 /* Pods_AlomoFireDemo.framework in Frameworks */ = {isa = PBXBuildFile; fileRef = 56E5771B09C321B1C3730BAB /* Pods_AlomoFireDemo.framework */; };
		EF0A92EB20B197FF00809891 /* loading.png in Resources */ = {isa = PBXBuildFile; fileRef = EF0A92EA20B197FF00809891 /* loading.png */; };
		EF4A37D220B08A0D000000C1 /* AppDelegate.swift in Sources */ = {isa = PBXBuildFile; fileRef = EF4A37D120B08A0D000000C1 /* AppDelegate.swift */; };
		EF4A37D420B08A0D000000C1 /* ViewController.swift in Sources */ = {isa = PBXBuildFile; fileRef = EF4A37D320B08A0D000000C1 /* ViewController.swift */; };
		EF4A37D720B08A0D000000C1 /* Main.storyboard in Resources */ = {isa = PBXBuildFile; fileRef = EF4A37D520B08A0D000000C1 /* Main.storyboard */; };
		EF4A37D920B08A0F000000C1 /* Assets.xcassets in Resources */ = {isa = PBXBuildFile; fileRef = EF4A37D820B08A0F000000C1 /* Assets.xcassets */; };
		EF4A37DC20B08A0F000000C1 /* LaunchScreen.storyboard in Resources */ = {isa = PBXBuildFile; fileRef = EF4A37DA20B08A0F000000C1 /* LaunchScreen.storyboard */; };
		EF841D7320B09685007FC12E /* Movie.swift in Sources */ = {isa = PBXBuildFile; fileRef = EF841D7220B09685007FC12E /* Movie.swift */; };
		EF841D7520B0A842007FC12E /* AlamoFireManager.swift in Sources */ = {isa = PBXBuildFile; fileRef = EF841D7420B0A842007FC12E /* AlamoFireManager.swift */; };
		EF841D7720B0A90A007FC12E /* MoviesTableViewController.swift in Sources */ = {isa = PBXBuildFile; fileRef = EF841D7620B0A90A007FC12E /* MoviesTableViewController.swift */; };
/* End PBXBuildFile section */

/* Begin PBXFileReference section */
		50AC9F5413E04B57820DD22E /* Pods-AlomoFireDemo.debug.xcconfig */ = {isa = PBXFileReference; includeInIndex = 1; lastKnownFileType = text.xcconfig; name = "Pods-AlomoFireDemo.debug.xcconfig"; path = "Pods/Target Support Files/Pods-AlomoFireDemo/Pods-AlomoFireDemo.debug.xcconfig"; sourceTree = "<group>"; };
		56E5771B09C321B1C3730BAB /* Pods_AlomoFireDemo.framework */ = {isa = PBXFileReference; explicitFileType = wrapper.framework; includeInIndex = 0; path = Pods_AlomoFireDemo.framework; sourceTree = BUILT_PRODUCTS_DIR; };
		9494B6B3B69CC6EC85BF8FB5 /* Pods-AlomoFireDemo.release.xcconfig */ = {isa = PBXFileReference; includeInIndex = 1; lastKnownFileType = text.xcconfig; name = "Pods-AlomoFireDemo.release.xcconfig"; path = "Pods/Target Support Files/Pods-AlomoFireDemo/Pods-AlomoFireDemo.release.xcconfig"; sourceTree = "<group>"; };
		EF0A92EA20B197FF00809891 /* loading.png */ = {isa = PBXFileReference; lastKnownFileType = image.png; path = loading.png; sourceTree = "<group>"; };
		EF4A37CE20B08A0D000000C1 /* AlomoFireDemo.app */ = {isa = PBXFileReference; explicitFileType = wrapper.application; includeInIndex = 0; path = AlomoFireDemo.app; sourceTree = BUILT_PRODUCTS_DIR; };
		EF4A37D120B08A0D000000C1 /* AppDelegate.swift */ = {isa = PBXFileReference; lastKnownFileType = sourcecode.swift; path = AppDelegate.swift; sourceTree = "<group>"; };
		EF4A37D320B08A0D000000C1 /* ViewController.swift */ = {isa = PBXFileReference; lastKnownFileType = sourcecode.swift; path = ViewController.swift; sourceTree = "<group>"; };
		EF4A37D620B08A0D000000C1 /* Base */ = {isa = PBXFileReference; lastKnownFileType = file.storyboard; name = Base; path = Base.lproj/Main.storyboard; sourceTree = "<group>"; };
		EF4A37D820B08A0F000000C1 /* Assets.xcassets */ = {isa = PBXFileReference; lastKnownFileType = folder.assetcatalog; path = Assets.xcassets; sourceTree = "<group>"; };
		EF4A37DB20B08A0F000000C1 /* Base */ = {isa = PBXFileReference; lastKnownFileType = file.storyboard; name = Base; path = Base.lproj/LaunchScreen.storyboard; sourceTree = "<group>"; };
		EF4A37DD20B08A0F000000C1 /* Info.plist */ = {isa = PBXFileReference; lastKnownFileType = text.plist.xml; path = Info.plist; sourceTree = "<group>"; };
		EF841D7220B09685007FC12E /* Movie.swift */ = {isa = PBXFileReference; lastKnownFileType = sourcecode.swift; path = Movie.swift; sourceTree = "<group>"; };
		EF841D7420B0A842007FC12E /* AlamoFireManager.swift */ = {isa = PBXFileReference; lastKnownFileType = sourcecode.swift; path = AlamoFireManager.swift; sourceTree = "<group>"; };
		EF841D7620B0A90A007FC12E /* MoviesTableViewController.swift */ = {isa = PBXFileReference; lastKnownFileType = sourcecode.swift; path = MoviesTableViewController.swift; sourceTree = "<group>"; };
/* End PBXFileReference section */

/* Begin PBXFrameworksBuildPhase section */
		EF4A37CB20B08A0D000000C1 /* Frameworks */ = {
			isa = PBXFrameworksBuildPhase;
			buildActionMask = 2147483647;
			files = (
				1F49EEAD11AFD94D0B0C8455 /* Pods_AlomoFireDemo.framework in Frameworks */,
			);
			runOnlyForDeploymentPostprocessing = 0;
		};
/* End PBXFrameworksBuildPhase section */

/* Begin PBXGroup section */
		6BFE5D617A39B8C1A2CD699C /* Frameworks */ = {
			isa = PBXGroup;
			children = (
				56E5771B09C321B1C3730BAB /* Pods_AlomoFireDemo.framework */,
			);
			name = Frameworks;
			sourceTree = "<group>";
		};
		EF0A92EC20B1980800809891 /* Images */ = {
			isa = PBXGroup;
			children = (
				EF0A92EA20B197FF00809891 /* loading.png */,
			);
			name = Images;
			path = ..;
			sourceTree = "<group>";
		};
		EF4A37C520B08A0D000000C1 = {
			isa = PBXGroup;
			children = (
				EF4A37D020B08A0D000000C1 /* AlomoFireDemo */,
				EF4A37CF20B08A0D000000C1 /* Products */,
				FC5EE2CFAE668DB6DFB8B97E /* Pods */,
				6BFE5D617A39B8C1A2CD699C /* Frameworks */,
			);
			sourceTree = "<group>";
		};
		EF4A37CF20B08A0D000000C1 /* Products */ = {
			isa = PBXGroup;
			children = (
				EF4A37CE20B08A0D000000C1 /* AlomoFireDemo.app */,
			);
			name = Products;
			sourceTree = "<group>";
		};
		EF4A37D020B08A0D000000C1 /* AlomoFireDemo */ = {
			isa = PBXGroup;
			children = (
				EF0A92EC20B1980800809891 /* Images */,
				EF4A37D120B08A0D000000C1 /* AppDelegate.swift */,
				EF6757FC20B0960500EF4857 /* AlomoFire */,
				EF6757FB20B095FA00EF4857 /* Model */,
				EF6757FA20B095ED00EF4857 /* ViewController */,
				EF4A37D520B08A0D000000C1 /* Main.storyboard */,
				EF4A37D820B08A0F000000C1 /* Assets.xcassets */,
				EF4A37DA20B08A0F000000C1 /* LaunchScreen.storyboard */,
				EF4A37DD20B08A0F000000C1 /* Info.plist */,
			);
			path = AlomoFireDemo;
			sourceTree = "<group>";
		};
		EF6757FA20B095ED00EF4857 /* ViewController */ = {
			isa = PBXGroup;
			children = (
				EF4A37D320B08A0D000000C1 /* ViewController.swift */,
				EF841D7620B0A90A007FC12E /* MoviesTableViewController.swift */,
			);
			name = ViewController;
			sourceTree = "<group>";
		};
		EF6757FB20B095FA00EF4857 /* Model */ = {
			isa = PBXGroup;
			children = (
				EF841D7220B09685007FC12E /* Movie.swift */,
			);
			path = Model;
			sourceTree = "<group>";
		};
		EF6757FC20B0960500EF4857 /* AlomoFire */ = {
			isa = PBXGroup;
			children = (
				EF841D7420B0A842007FC12E /* AlamoFireManager.swift */,
			);
			name = AlomoFire;
			sourceTree = "<group>";
		};
		FC5EE2CFAE668DB6DFB8B97E /* Pods */ = {
			isa = PBXGroup;
			children = (
				50AC9F5413E04B57820DD22E /* Pods-AlomoFireDemo.debug.xcconfig */,
				9494B6B3B69CC6EC85BF8FB5 /* Pods-AlomoFireDemo.release.xcconfig */,
			);
			name = Pods;
			sourceTree = "<group>";
		};
/* End PBXGroup section */

/* Begin PBXNativeTarget section */
		EF4A37CD20B08A0D000000C1 /* AlomoFireDemo */ = {
			isa = PBXNativeTarget;
			buildConfigurationList = EF4A37E020B08A0F000000C1 /* Build configuration list for PBXNativeTarget "AlomoFireDemo" */;
			buildPhases = (
				99CFFAFF6BCCD0ED8E62838B /* [CP] Check Pods Manifest.lock */,
				EF4A37CA20B08A0D000000C1 /* Sources */,
				EF4A37CB20B08A0D000000C1 /* Frameworks */,
				EF4A37CC20B08A0D000000C1 /* Resources */,
				34DECB8574D8C89BF0BD62FB /* [CP] Embed Pods Frameworks */,
			);
			buildRules = (
			);
			dependencies = (
			);
			name = AlomoFireDemo;
			productName = AlomoFireDemo;
			productReference = EF4A37CE20B08A0D000000C1 /* AlomoFireDemo.app */;
			productType = "com.apple.product-type.application";
		};
/* End PBXNativeTarget section */

/* Begin PBXProject section */
		EF4A37C620B08A0D000000C1 /* Project object */ = {
			isa = PBXProject;
			attributes = {
				LastSwiftUpdateCheck = 0930;
				LastUpgradeCheck = 0930;
				ORGANIZATIONNAME = ITI;
				TargetAttributes = {
					EF4A37CD20B08A0D000000C1 = {
						CreatedOnToolsVersion = 9.3;
					};
				};
			};
			buildConfigurationList = EF4A37C920B08A0D000000C1 /* Build configuration list for PBXProject "AlomoFireDemo" */;
			compatibilityVersion = "Xcode 9.3";
			developmentRegion = en;
			hasScannedForEncodings = 0;
			knownRegions = (
				en,
				Base,
			);
			mainGroup = EF4A37C520B08A0D000000C1;
			productRefGroup = EF4A37CF20B08A0D000000C1 /* Products */;
			projectDirPath = "";
			projectRoot = "";
			targets = (
				EF4A37CD20B08A0D000000C1 /* AlomoFireDemo */,
			);
		};
/* End PBXProject section */

/* Begin PBXResourcesBuildPhase section */
		EF4A37CC20B08A0D000000C1 /* Resources */ = {
			isa = PBXResourcesBuildPhase;
			buildActionMask = 2147483647;
			files = (
				EF0A92EB20B197FF00809891 /* loading.png in Resources */,
				EF4A37DC20B08A0F000000C1 /* LaunchScreen.storyboard in Resources */,
				EF4A37D920B08A0F000000C1 /* Assets.xcassets in Resources */,
				EF4A37D720B08A0D000000C1 /* Main.storyboard in Resources */,
			);
			runOnlyForDeploymentPostprocessing = 0;
		};
/* End PBXResourcesBuildPhase section */

/* Begin PBXShellScriptBuildPhase section */
		34DECB8574D8C89BF0BD62FB /* [CP] Embed Pods Frameworks */ = {
			isa = PBXShellScriptBuildPhase;
			buildActionMask = 2147483647;
			files = (
			);
			inputPaths = (
				"${SRCROOT}/Pods/Target Support Files/Pods-AlomoFireDemo/Pods-AlomoFireDemo-frameworks.sh",
				"${BUILT_PRODUCTS_DIR}/Alamofire/Alamofire.framework",
				"${BUILT_PRODUCTS_DIR}/SDWebImage/SDWebImage.framework",
				"${BUILT_PRODUCTS_DIR}/SwiftyJSON/SwiftyJSON.framework",
			);
			name = "[CP] Embed Pods Frameworks";
			outputPaths = (
				"${TARGET_BUILD_DIR}/${FRAMEWORKS_FOLDER_PATH}/Alamofire.framework",
				"${TARGET_BUILD_DIR}/${FRAMEWORKS_FOLDER_PATH}/SDWebImage.framework",
				"${TARGET_BUILD_DIR}/${FRAMEWORKS_FOLDER_PATH}/SwiftyJSON.framework",
			);
			runOnlyForDeploymentPostprocessing = 0;
			shellPath = /bin/sh;
			shellScript = "\"${SRCROOT}/Pods/Target Support Files/Pods-AlomoFireDemo/Pods-AlomoFireDemo-frameworks.sh\"\n";
			showEnvVarsInLog = 0;
		};
		99CFFAFF6BCCD0ED8E62838B /* [CP] Check Pods Manifest.lock */ = {
			isa = PBXShellScriptBuildPhase;
			buildActionMask = 2147483647;
			files = (
			);
			inputPaths = (
				"${PODS_PODFILE_DIR_PATH}/Podfile.lock",
				"${PODS_ROOT}/Manifest.lock",
			);
			name = "[CP] Check Pods Manifest.lock";
			outputPaths = (
				"$(DERIVED_FILE_DIR)/Pods-AlomoFireDemo-checkManifestLockResult.txt",
			);
			runOnlyForDeploymentPostprocessing = 0;
			shellPath = /bin/sh;
			shellScript = "diff \"${PODS_PODFILE_DIR_PATH}/Podfile.lock\" \"${PODS_ROOT}/Manifest.lock\" > /dev/null\nif [ $? != 0 ] ; then\n    # print error to STDERR\n    echo \"error: The sandbox is not in sync with the Podfile.lock. Run 'pod install' or update your CocoaPods installation.\" >&2\n    exit 1\nfi\n# This output is used by Xcode 'outputs' to avoid re-running this script phase.\necho \"SUCCESS\" > \"${SCRIPT_OUTPUT_FILE_0}\"\n";
			showEnvVarsInLog = 0;
		};
/* End PBXShellScriptBuildPhase section */

/* Begin PBXSourcesBuildPhase section */
		EF4A37CA20B08A0D000000C1 /* Sources */ = {
			isa = PBXSourcesBuildPhase;
			buildActionMask = 2147483647;
			files = (
				EF841D7520B0A842007FC12E /* AlamoFireManager.swift in Sources */,
				EF4A37D420B08A0D000000C1 /* ViewController.swift in Sources */,
				EF4A37D220B08A0D000000C1 /* AppDelegate.swift in Sources */,
				EF841D7720B0A90A007FC12E /* MoviesTableViewController.swift in Sources */,
				EF841D7320B09685007FC12E /* Movie.swift in Sources */,
			);
			runOnlyForDeploymentPostprocessing = 0;
		};
/* End PBXSourcesBuildPhase section */

/* Begin PBXVariantGroup section */
		EF4A37D520B08A0D000000C1 /* Main.storyboard */ = {
			isa = PBXVariantGroup;
			children = (
				EF4A37D620B08A0D000000C1 /* Base */,
			);
			name = Main.storyboard;
			sourceTree = "<group>";
		};
		EF4A37DA20B08A0F000000C1 /* LaunchScreen.storyboard */ = {
			isa = PBXVariantGroup;
			children = (
				EF4A37DB20B08A0F000000C1 /* Base */,
			);
			name = LaunchScreen.storyboard;
			sourceTree = "<group>";
		};
/* End PBXVariantGroup section */

/* Begin XCBuildConfiguration section */
		EF4A37DE20B08A0F000000C1 /* Debug */ = {
			isa = XCBuildConfiguration;
			buildSettings = {
				ALWAYS_SEARCH_USER_PATHS = NO;
				CLANG_ANALYZER_NONNULL = YES;
				CLANG_ANALYZER_NUMBER_OBJECT_CONVERSION = YES_AGGRESSIVE;
				CLANG_CXX_LANGUAGE_STANDARD = "gnu++14";
				CLANG_CXX_LIBRARY = "libc++";
				CLANG_ENABLE_MODULES = YES;
				CLANG_ENABLE_OBJC_ARC = YES;
				CLANG_ENABLE_OBJC_WEAK = YES;
				CLANG_WARN_BLOCK_CAPTURE_AUTORELEASING = YES;
				CLANG_WARN_BOOL_CONVERSION = YES;
				CLANG_WARN_COMMA = YES;
				CLANG_WARN_CONSTANT_CONVERSION = YES;
				CLANG_WARN_DEPRECATED_OBJC_IMPLEMENTATIONS = YES;
				CLANG_WARN_DIRECT_OBJC_ISA_USAGE = YES_ERROR;
				CLANG_WARN_DOCUMENTATION_COMMENTS = YES;
				CLANG_WARN_EMPTY_BODY = YES;
				CLANG_WARN_ENUM_CONVERSION = YES;
				CLANG_WARN_INFINITE_RECURSION = YES;
				CLANG_WARN_INT_CONVERSION = YES;
				CLANG_WARN_NON_LITERAL_NULL_CONVERSION = YES;
				CLANG_WARN_OBJC_IMPLICIT_RETAIN_SELF = YES;
				CLANG_WARN_OBJC_LITERAL_CONVERSION = YES;
				CLANG_WARN_OBJC_ROOT_CLASS = YES_ERROR;
				CLANG_WARN_RANGE_LOOP_ANALYSIS = YES;
				CLANG_WARN_STRICT_PROTOTYPES = YES;
				CLANG_WARN_SUSPICIOUS_MOVE = YES;
				CLANG_WARN_UNGUARDED_AVAILABILITY = YES_AGGRESSIVE;
				CLANG_WARN_UNREACHABLE_CODE = YES;
				CLANG_WARN__DUPLICATE_METHOD_MATCH = YES;
				CODE_SIGN_IDENTITY = "iPhone Developer";
				COPY_PHASE_STRIP = NO;
				DEBUG_INFORMATION_FORMAT = dwarf;
				ENABLE_STRICT_OBJC_MSGSEND = YES;
				ENABLE_TESTABILITY = YES;
				GCC_C_LANGUAGE_STANDARD = gnu11;
				GCC_DYNAMIC_NO_PIC = NO;
				GCC_NO_COMMON_BLOCKS = YES;
				GCC_OPTIMIZATION_LEVEL = 0;
				GCC_PREPROCESSOR_DEFINITIONS = (
					"DEBUG=1",
					"$(inherited)",
				);
				GCC_WARN_64_TO_32_BIT_CONVERSION = YES;
				GCC_WARN_ABOUT_RETURN_TYPE = YES_ERROR;
				GCC_WARN_UNDECLARED_SELECTOR = YES;
				GCC_WARN_UNINITIALIZED_AUTOS = YES_AGGRESSIVE;
				GCC_WARN_UNUSED_FUNCTION = YES;
				GCC_WARN_UNUSED_VARIABLE = YES;
				IPHONEOS_DEPLOYMENT_TARGET = 11.3;
				MTL_ENABLE_DEBUG_INFO = YES;
				ONLY_ACTIVE_ARCH = YES;
				SDKROOT = iphoneos;
				SWIFT_ACTIVE_COMPILATION_CONDITIONS = DEBUG;
				SWIFT_OPTIMIZATION_LEVEL = "-Onone";
			};
			name = Debug;
		};
		EF4A37DF20B08A0F000000C1 /* Release */ = {
			isa = XCBuildConfiguration;
			buildSettings = {
				ALWAYS_SEARCH_USER_PATHS = NO;
				CLANG_ANALYZER_NONNULL = YES;
				CLANG_ANALYZER_NUMBER_OBJECT_CONVERSION = YES_AGGRESSIVE;
				CLANG_CXX_LANGUAGE_STANDARD = "gnu++14";
				CLANG_CXX_LIBRARY = "libc++";
				CLANG_ENABLE_MODULES = YES;
				CLANG_ENABLE_OBJC_ARC = YES;
				CLANG_ENABLE_OBJC_WEAK = YES;
				CLANG_WARN_BLOCK_CAPTURE_AUTORELEASING = YES;
				CLANG_WARN_BOOL_CONVERSION = YES;
				CLANG_WARN_COMMA = YES;
				CLANG_WARN_CONSTANT_CONVERSION = YES;
				CLANG_WARN_DEPRECATED_OBJC_IMPLEMENTATIONS = YES;
				CLANG_WARN_DIRECT_OBJC_ISA_USAGE = YES_ERROR;
				CLANG_WARN_DOCUMENTATION_COMMENTS = YES;
				CLANG_WARN_EMPTY_BODY = YES;
				CLANG_WARN_ENUM_CONVERSION = YES;
				CLANG_WARN_INFINITE_RECURSION = YES;
				CLANG_WARN_INT_CONVERSION = YES;
				CLANG_WARN_NON_LITERAL_NULL_CONVERSION = YES;
				CLANG_WARN_OBJC_IMPLICIT_RETAIN_SELF = YES;
				CLANG_WARN_OBJC_LITERAL_CONVERSION = YES;
				CLANG_WARN_OBJC_ROOT_CLASS = YES_ERROR;
				CLANG_WARN_RANGE_LOOP_ANALYSIS = YES;
				CLANG_WARN_STRICT_PROTOTYPES = YES;
				CLANG_WARN_SUSPICIOUS_MOVE = YES;
				CLANG_WARN_UNGUARDED_AVAILABILITY = YES_AGGRESSIVE;
				CLANG_WARN_UNREACHABLE_CODE = YES;
				CLANG_WARN__DUPLICATE_METHOD_MATCH = YES;
				CODE_SIGN_IDENTITY = "iPhone Developer";
				COPY_PHASE_STRIP = NO;
				DEBUG_INFORMATION_FORMAT = "dwarf-with-dsym";
				ENABLE_NS_ASSERTIONS = NO;
				ENABLE_STRICT_OBJC_MSGSEND = YES;
				GCC_C_LANGUAGE_STANDARD = gnu11;
				GCC_NO_COMMON_BLOCKS = YES;
				GCC_WARN_64_TO_32_BIT_CONVERSION = YES;
				GCC_WARN_ABOUT_RETURN_TYPE = YES_ERROR;
				GCC_WARN_UNDECLARED_SELECTOR = YES;
				GCC_WARN_UNINITIALIZED_AUTOS = YES_AGGRESSIVE;
				GCC_WARN_UNUSED_FUNCTION = YES;
				GCC_WARN_UNUSED_VARIABLE = YES;
				IPHONEOS_DEPLOYMENT_TARGET = 11.3;
				MTL_ENABLE_DEBUG_INFO = NO;
				SDKROOT = iphoneos;
				SWIFT_COMPILATION_MODE = wholemodule;
				SWIFT_OPTIMIZATION_LEVEL = "-O";
				VALIDATE_PRODUCT = YES;
			};
			name = Release;
		};
		EF4A37E120B08A0F000000C1 /* Debug */ = {
			isa = XCBuildConfiguration;
			baseConfigurationReference = 50AC9F5413E04B57820DD22E /* Pods-AlomoFireDemo.debug.xcconfig */;
			buildSettings = {
				ASSETCATALOG_COMPILER_APPICON_NAME = AppIcon;
				CODE_SIGN_STYLE = Automatic;
				DEVELOPMENT_TEAM = MX33C5A88B;
				INFOPLIST_FILE = AlomoFireDemo/Info.plist;
				LD_RUNPATH_SEARCH_PATHS = (
					"$(inherited)",
					"@executable_path/Frameworks",
				);
				PRODUCT_BUNDLE_IDENTIFIER = WMAD.AlomoFireDemo;
				PRODUCT_NAME = "$(TARGET_NAME)";
				SWIFT_VERSION = 4.0;
				TARGETED_DEVICE_FAMILY = "1,2";
			};
			name = Debug;
		};
		EF4A37E220B08A0F000000C1 /* Release */ = {
			isa = XCBuildConfiguration;
			baseConfigurationReference = 9494B6B3B69CC6EC85BF8FB5 /* Pods-AlomoFireDemo.release.xcconfig */;
			buildSettings = {
				ASSETCATALOG_COMPILER_APPICON_NAME = AppIcon;
				CODE_SIGN_STYLE = Automatic;
				DEVELOPMENT_TEAM = MX33C5A88B;
				INFOPLIST_FILE = AlomoFireDemo/Info.plist;
				LD_RUNPATH_SEARCH_PATHS = (
					"$(inherited)",
					"@executable_path/Frameworks",
				);
				PRODUCT_BUNDLE_IDENTIFIER = WMAD.AlomoFireDemo;
				PRODUCT_NAME = "$(TARGET_NAME)";
				SWIFT_VERSION = 4.0;
				TARGETED_DEVICE_FAMILY = "1,2";
			};
			name = Release;
		};
/* End XCBuildConfiguration section */

/* Begin XCConfigurationList section */
		EF4A37C920B08A0D000000C1 /* Build configuration list for PBXProject "AlomoFireDemo" */ = {
			isa = XCConfigurationList;
			buildConfigurations = (
				EF4A37DE20B08A0F000000C1 /* Debug */,
				EF4A37DF20B08A0F000000C1 /* Release */,
			);
			defaultConfigurationIsVisible = 0;
			defaultConfigurationName = Release;
		};
		EF4A37E020B08A0F000000C1 /* Build configuration list for PBXNativeTarget "AlomoFireDemo" */ = {
			isa = XCConfigurationList;
			buildConfigurations = (
				EF4A37E120B08A0F000000C1 /* Debug */,
				EF4A37E220B08A0F000000C1 /* Release */,
			);
			defaultConfigurationIsVisible = 0;
			defaultConfigurationName = Release;
		};
/* End XCConfigurationList section */
	};
	rootObject = EF4A37C620B08A0D000000C1 /* Project object */;
}
